
Microsoft Visual Studio Solution File, Format Version 12.00
# Visual Studio 14
VisualStudioVersion = 14.0.23107.0
MinimumVisualStudioVersion = 10.0.40219.1
Project("{FAE04EC0-301F-11D3-BF4B-00C04F79EFBC}") = "RestAPI", "RestAPI\RestAPI.csproj", "{ED638DD5-E755-4B7A-940D-5C94AB425686}"
EndProject
Project("{FAE04EC0-301F-11D3-BF4B-00C04F79EFBC}") = "Repository", "Repository\Repository.csproj", "{CB06A2AF-2BA2-4EB4-AC1B-BF744B1A9ED0}"
EndProject
Project("{FAE04EC0-301F-11D3-BF4B-00C04F79EFBC}") = "TestData", "TestData\TestData.csproj", "{9013AA64-5FAE-4F07-A5F2-7674A9FB6E24}"
EndProject
Project("{FAE04EC0-301F-11D3-BF4B-00C04F79EFBC}") = "Server", "Server\Server.csproj", "{B07FABB1-87E2-43D4-9464-5A4881BDBA44}"
EndProject
Project("{FAE04EC0-301F-11D3-BF4B-00C04F79EFBC}") = "SelfHostedRestAPI", "SelfHostedRestAPI\SelfHostedRestAPI.csproj", "{03829364-83E2-431F-925E-675ED61CFF79}"
EndProject
Project("{FAE04EC0-301F-11D3-BF4B-00C04F79EFBC}") = "Repository.Test", "Repository.Test\Repository.Test.csproj", "{910263FD-CBFC-443B-BAD2-5DF3D3F82266}"
EndProject
Project("{FAE04EC0-301F-11D3-BF4B-00C04F79EFBC}") = "Server.Test", "Server.Test\Server.Test.csproj", "{B4A010F2-AD2A-4A36-98CA-D88EE670F0A8}"
EndProject
Global
	GlobalSection(SolutionConfigurationPlatforms) = preSolution
		Debug|Any CPU = Debug|Any CPU
		Release|Any CPU = Release|Any CPU
	EndGlobalSection
	GlobalSection(ProjectConfigurationPlatforms) = postSolution
		{ED638DD5-E755-4B7A-940D-5C94AB425686}.Debug|Any CPU.ActiveCfg = Debug|Any CPU
		{ED638DD5-E755-4B7A-940D-5C94AB425686}.Debug|Any CPU.Build.0 = Debug|Any CPU
		{ED638DD5-E755-4B7A-940D-5C94AB425686}.Release|Any CPU.ActiveCfg = Release|Any CPU
		{ED638DD5-E755-4B7A-940D-5C94AB425686}.Release|Any CPU.Build.0 = Release|Any CPU
		{CB06A2AF-2BA2-4EB4-AC1B-BF744B1A9ED0}.Debug|Any CPU.ActiveCfg = Debug|Any CPU
		{CB06A2AF-2BA2-4EB4-AC1B-BF744B1A9ED0}.Debug|Any CPU.Build.0 = Debug|Any CPU
		{CB06A2AF-2BA2-4EB4-AC1B-BF744B1A9ED0}.Release|Any CPU.ActiveCfg = Release|Any CPU
		{CB06A2AF-2BA2-4EB4-AC1B-BF744B1A9ED0}.Release|Any CPU.Build.0 = Release|Any CPU
		{9013AA64-5FAE-4F07-A5F2-7674A9FB6E24}.Debug|Any CPU.ActiveCfg = Debug|Any CPU
		{9013AA64-5FAE-4F07-A5F2-7674A9FB6E24}.Debug|Any CPU.Build.0 = Debug|Any CPU
		{9013AA64-5FAE-4F07-A5F2-7674A9FB6E24}.Release|Any CPU.ActiveCfg = Release|Any CPU
		{9013AA64-5FAE-4F07-A5F2-7674A9FB6E24}.Release|Any CPU.Build.0 = Release|Any CPU
		{B07FABB1-87E2-43D4-9464-5A4881BDBA44}.Debug|Any CPU.ActiveCfg = Debug|Any CPU
		{B07FABB1-87E2-43D4-9464-5A4881BDBA44}.Debug|Any CPU.Build.0 = Debug|Any CPU
		{B07FABB1-87E2-43D4-9464-5A4881BDBA44}.Release|Any CPU.ActiveCfg = Release|Any CPU
		{B07FABB1-87E2-43D4-9464-5A4881BDBA44}.Release|Any CPU.Build.0 = Release|Any CPU
		{03829364-83E2-431F-925E-675ED61CFF79}.Debug|Any CPU.ActiveCfg = Debug|Any CPU
		{03829364-83E2-431F-925E-675ED61CFF79}.Debug|Any CPU.Build.0 = Debug|Any CPU
		{03829364-83E2-431F-925E-675ED61CFF79}.Release|Any CPU.ActiveCfg = Release|Any CPU
		{03829364-83E2-431F-925E-675ED61CFF79}.Release|Any CPU.Build.0 = Release|Any CPU
		{910263FD-CBFC-443B-BAD2-5DF3D3F82266}.Debug|Any CPU.ActiveCfg = Debug|Any CPU
		{910263FD-CBFC-443B-BAD2-5DF3D3F82266}.Debug|Any CPU.Build.0 = Debug|Any CPU
		{910263FD-CBFC-443B-BAD2-5DF3D3F82266}.Release|Any CPU.ActiveCfg = Release|Any CPU
		{910263FD-CBFC-443B-BAD2-5DF3D3F82266}.Release|Any CPU.Build.0 = Release|Any CPU
		{B4A010F2-AD2A-4A36-98CA-D88EE670F0A8}.Debug|Any CPU.ActiveCfg = Debug|Any CPU
		{B4A010F2-AD2A-4A36-98CA-D88EE670F0A8}.Debug|Any CPU.Build.0 = Debug|Any CPU
		{B4A010F2-AD2A-4A36-98CA-D88EE670F0A8}.Release|Any CPU.ActiveCfg = Release|Any CPU
		{B4A010F2-AD2A-4A36-98CA-D88EE670F0A8}.Release|Any CPU.Build.0 = Release|Any CPU
	EndGlobalSection
	GlobalSection(SolutionProperties) = preSolution
		HideSolutionNode = FALSE
	EndGlobalSection
EndGlobal
